
Microsoft Visual Studio Solution File, Format Version 12.00
# Visual Studio 15
VisualStudioVersion = 15.0.28307.329
MinimumVisualStudioVersion = 10.0.40219.1
Project("{8BC9CEB8-8B4A-11D0-8D11-00A0C91BC942}") = "CopyFile", "CopyFile\CopyFile.vcxproj", "{D987FB05-A384-404B-B54D-1FD162658B6E}"
EndProject
Project("{8BC9CEB8-8B4A-11D0-8D11-00A0C91BC942}") = "Flipbyte", "Flipbyte\Flipbyte.vcxproj", "{26A8E30B-8096-4A1E-9985-F920B95F981B}"
EndProject
Project("{8BC9CEB8-8B4A-11D0-8D11-00A0C91BC942}") = "Invert", "invert\invert.vcxproj", "{3CEEE966-8B94-43F8-86CA-B939B77990D3}"
EndProject
Global
	GlobalSection(SolutionConfigurationPlatforms) = preSolution
		Debug|x64 = Debug|x64
		Debug|x86 = Debug|x86
		Release|x64 = Release|x64
		Release|x86 = Release|x86
	EndGlobalSection
	GlobalSection(ProjectConfigurationPlatforms) = postSolution
		{D987FB05-A384-404B-B54D-1FD162658B6E}.Debug|x64.ActiveCfg = Debug|x64
		{D987FB05-A384-404B-B54D-1FD162658B6E}.Debug|x64.Build.0 = Debug|x64
		{D987FB05-A384-404B-B54D-1FD162658B6E}.Debug|x86.ActiveCfg = Debug|Win32
		{D987FB05-A384-404B-B54D-1FD162658B6E}.Debug|x86.Build.0 = Debug|Win32
		{D987FB05-A384-404B-B54D-1FD162658B6E}.Release|x64.ActiveCfg = Release|x64
		{D987FB05-A384-404B-B54D-1FD162658B6E}.Release|x64.Build.0 = Release|x64
		{D987FB05-A384-404B-B54D-1FD162658B6E}.Release|x86.ActiveCfg = Release|Win32
		{D987FB05-A384-404B-B54D-1FD162658B6E}.Release|x86.Build.0 = Release|Win32
		{26A8E30B-8096-4A1E-9985-F920B95F981B}.Debug|x64.ActiveCfg = Debug|x64
		{26A8E30B-8096-4A1E-9985-F920B95F981B}.Debug|x64.Build.0 = Debug|x64
		{26A8E30B-8096-4A1E-9985-F920B95F981B}.Debug|x86.ActiveCfg = Debug|Win32
		{26A8E30B-8096-4A1E-9985-F920B95F981B}.Debug|x86.Build.0 = Debug|Win32
		{26A8E30B-8096-4A1E-9985-F920B95F981B}.Release|x64.ActiveCfg = Release|x64
		{26A8E30B-8096-4A1E-9985-F920B95F981B}.Release|x64.Build.0 = Release|x64
		{26A8E30B-8096-4A1E-9985-F920B95F981B}.Release|x86.ActiveCfg = Release|Win32
		{26A8E30B-8096-4A1E-9985-F920B95F981B}.Release|x86.Build.0 = Release|Win32
		{3CEEE966-8B94-43F8-86CA-B939B77990D3}.Debug|x64.ActiveCfg = Debug|x64
		{3CEEE966-8B94-43F8-86CA-B939B77990D3}.Debug|x64.Build.0 = Debug|x64
		{3CEEE966-8B94-43F8-86CA-B939B77990D3}.Debug|x86.ActiveCfg = Debug|Win32
		{3CEEE966-8B94-43F8-86CA-B939B77990D3}.Debug|x86.Build.0 = Debug|Win32
		{3CEEE966-8B94-43F8-86CA-B939B77990D3}.Release|x64.ActiveCfg = Release|x64
		{3CEEE966-8B94-43F8-86CA-B939B77990D3}.Release|x64.Build.0 = Release|x64
		{3CEEE966-8B94-43F8-86CA-B939B77990D3}.Release|x86.ActiveCfg = Release|Win32
		{3CEEE966-8B94-43F8-86CA-B939B77990D3}.Release|x86.Build.0 = Release|Win32
	EndGlobalSection
	GlobalSection(SolutionProperties) = preSolution
		HideSolutionNode = FALSE
	EndGlobalSection
	GlobalSection(ExtensibilityGlobals) = postSolution
		SolutionGuid = {F6A4C7EB-DA8D-41AD-BFBB-CA634B72A5CE}
	EndGlobalSection
EndGlobal
