
Microsoft Visual Studio Solution File, Format Version 12.00
# Visual Studio 15
VisualStudioVersion = 15.0.28307.329
MinimumVisualStudioVersion = 10.0.40219.1
Project("{8BC9CEB8-8B4A-11D0-8D11-00A0C91BC942}") = "process_vector", "process_vector\process_vector.vcxproj", "{CB18BED8-DC04-40D5-87E6-BCB282E278DA}"
EndProject
Project("{8BC9CEB8-8B4A-11D0-8D11-00A0C91BC942}") = "process_vector_test", "process_vector_test\process_vector_test.vcxproj", "{8742A0C4-D56C-41EF-843E-182E4FE1C3FA}"
EndProject
Project("{2150E333-8FDC-42A3-9474-1A3956D46DE8}") = "Solution Items", "Solution Items", "{C76CA92C-BB5B-4AF6-8EB7-665C57041025}"
	ProjectSection(SolutionItems) = preProject
		..\.clang-format = ..\.clang-format
	EndProjectSection
EndProject
Project("{8BC9CEB8-8B4A-11D0-8D11-00A0C91BC942}") = "FindAndReplace", "FindAndReplace\FindAndReplace.vcxproj", "{B889DC2F-7B08-436F-B05F-9D2263550CB6}"
EndProject
Project("{8BC9CEB8-8B4A-11D0-8D11-00A0C91BC942}") = "FindAndReplace-test", "FindAndReplace-test\FindAndReplace-test.vcxproj", "{4FC7448D-9B6E-4714-98F9-5FE48E21EC0E}"
EndProject
Project("{8BC9CEB8-8B4A-11D0-8D11-00A0C91BC942}") = "htmlDecode", "htmlDecode\htmlDecode.vcxproj", "{37E64CD9-C978-452B-B749-CFA07B0E3BD8}"
EndProject
Project("{8BC9CEB8-8B4A-11D0-8D11-00A0C91BC942}") = "htmlDecodeTest", "htmlDecode-test\htmlDecode-test.vcxproj", "{A6909D97-B927-4E2B-9C9C-D3652BA5F9C4}"
EndProject
Project("{8BC9CEB8-8B4A-11D0-8D11-00A0C91BC942}") = "Dictionary", "Dictionary\Dictionary.vcxproj", "{CE9A608B-8500-4DD7-9874-86116F03DAC3}"
EndProject
Project("{8BC9CEB8-8B4A-11D0-8D11-00A0C91BC942}") = "DictonaryTest", "DictonaryTest\DictonaryTest.vcxproj", "{8AFB75A1-BE2D-4218-9D55-2EF39D7A866E}"
EndProject
Project("{8BC9CEB8-8B4A-11D0-8D11-00A0C91BC942}") = "generatePrimeNumbersTest", "generatePrimeNumbersTest\generatePrimeNumbersTest.vcxproj", "{7CAE281E-9795-4E5D-B05D-F8BEFD2F7358}"
EndProject
Project("{8BC9CEB8-8B4A-11D0-8D11-00A0C91BC942}") = "generatPrimeNumbers", "generatPrimeNumbers\generatPrimeNumbers.vcxproj", "{EC500E08-E76F-4E9A-8D1A-1CF9852343C0}"
EndProject
Global
	GlobalSection(SolutionConfigurationPlatforms) = preSolution
		Debug|x64 = Debug|x64
		Debug|x86 = Debug|x86
		Release|x64 = Release|x64
		Release|x86 = Release|x86
	EndGlobalSection
	GlobalSection(ProjectConfigurationPlatforms) = postSolution
		{CB18BED8-DC04-40D5-87E6-BCB282E278DA}.Debug|x64.ActiveCfg = Debug|x64
		{CB18BED8-DC04-40D5-87E6-BCB282E278DA}.Debug|x64.Build.0 = Debug|x64
		{CB18BED8-DC04-40D5-87E6-BCB282E278DA}.Debug|x86.ActiveCfg = Debug|Win32
		{CB18BED8-DC04-40D5-87E6-BCB282E278DA}.Debug|x86.Build.0 = Debug|Win32
		{CB18BED8-DC04-40D5-87E6-BCB282E278DA}.Release|x64.ActiveCfg = Release|x64
		{CB18BED8-DC04-40D5-87E6-BCB282E278DA}.Release|x64.Build.0 = Release|x64
		{CB18BED8-DC04-40D5-87E6-BCB282E278DA}.Release|x86.ActiveCfg = Release|Win32
		{CB18BED8-DC04-40D5-87E6-BCB282E278DA}.Release|x86.Build.0 = Release|Win32
		{8742A0C4-D56C-41EF-843E-182E4FE1C3FA}.Debug|x64.ActiveCfg = Debug|x64
		{8742A0C4-D56C-41EF-843E-182E4FE1C3FA}.Debug|x64.Build.0 = Debug|x64
		{8742A0C4-D56C-41EF-843E-182E4FE1C3FA}.Debug|x86.ActiveCfg = Debug|Win32
		{8742A0C4-D56C-41EF-843E-182E4FE1C3FA}.Debug|x86.Build.0 = Debug|Win32
		{8742A0C4-D56C-41EF-843E-182E4FE1C3FA}.Release|x64.ActiveCfg = Release|x64
		{8742A0C4-D56C-41EF-843E-182E4FE1C3FA}.Release|x64.Build.0 = Release|x64
		{8742A0C4-D56C-41EF-843E-182E4FE1C3FA}.Release|x86.ActiveCfg = Release|Win32
		{8742A0C4-D56C-41EF-843E-182E4FE1C3FA}.Release|x86.Build.0 = Release|Win32
		{B889DC2F-7B08-436F-B05F-9D2263550CB6}.Debug|x64.ActiveCfg = Debug|x64
		{B889DC2F-7B08-436F-B05F-9D2263550CB6}.Debug|x64.Build.0 = Debug|x64
		{B889DC2F-7B08-436F-B05F-9D2263550CB6}.Debug|x86.ActiveCfg = Debug|Win32
		{B889DC2F-7B08-436F-B05F-9D2263550CB6}.Debug|x86.Build.0 = Debug|Win32
		{B889DC2F-7B08-436F-B05F-9D2263550CB6}.Release|x64.ActiveCfg = Release|x64
		{B889DC2F-7B08-436F-B05F-9D2263550CB6}.Release|x64.Build.0 = Release|x64
		{B889DC2F-7B08-436F-B05F-9D2263550CB6}.Release|x86.ActiveCfg = Release|Win32
		{B889DC2F-7B08-436F-B05F-9D2263550CB6}.Release|x86.Build.0 = Release|Win32
		{4FC7448D-9B6E-4714-98F9-5FE48E21EC0E}.Debug|x64.ActiveCfg = Debug|x64
		{4FC7448D-9B6E-4714-98F9-5FE48E21EC0E}.Debug|x64.Build.0 = Debug|x64
		{4FC7448D-9B6E-4714-98F9-5FE48E21EC0E}.Debug|x86.ActiveCfg = Debug|Win32
		{4FC7448D-9B6E-4714-98F9-5FE48E21EC0E}.Debug|x86.Build.0 = Debug|Win32
		{4FC7448D-9B6E-4714-98F9-5FE48E21EC0E}.Release|x64.ActiveCfg = Release|x64
		{4FC7448D-9B6E-4714-98F9-5FE48E21EC0E}.Release|x64.Build.0 = Release|x64
		{4FC7448D-9B6E-4714-98F9-5FE48E21EC0E}.Release|x86.ActiveCfg = Release|Win32
		{4FC7448D-9B6E-4714-98F9-5FE48E21EC0E}.Release|x86.Build.0 = Release|Win32
		{37E64CD9-C978-452B-B749-CFA07B0E3BD8}.Debug|x64.ActiveCfg = Debug|x64
		{37E64CD9-C978-452B-B749-CFA07B0E3BD8}.Debug|x64.Build.0 = Debug|x64
		{37E64CD9-C978-452B-B749-CFA07B0E3BD8}.Debug|x86.ActiveCfg = Debug|Win32
		{37E64CD9-C978-452B-B749-CFA07B0E3BD8}.Debug|x86.Build.0 = Debug|Win32
		{37E64CD9-C978-452B-B749-CFA07B0E3BD8}.Release|x64.ActiveCfg = Release|x64
		{37E64CD9-C978-452B-B749-CFA07B0E3BD8}.Release|x64.Build.0 = Release|x64
		{37E64CD9-C978-452B-B749-CFA07B0E3BD8}.Release|x86.ActiveCfg = Release|Win32
		{37E64CD9-C978-452B-B749-CFA07B0E3BD8}.Release|x86.Build.0 = Release|Win32
		{A6909D97-B927-4E2B-9C9C-D3652BA5F9C4}.Debug|x64.ActiveCfg = Debug|x64
		{A6909D97-B927-4E2B-9C9C-D3652BA5F9C4}.Debug|x64.Build.0 = Debug|x64
		{A6909D97-B927-4E2B-9C9C-D3652BA5F9C4}.Debug|x86.ActiveCfg = Debug|Win32
		{A6909D97-B927-4E2B-9C9C-D3652BA5F9C4}.Debug|x86.Build.0 = Debug|Win32
		{A6909D97-B927-4E2B-9C9C-D3652BA5F9C4}.Release|x64.ActiveCfg = Release|x64
		{A6909D97-B927-4E2B-9C9C-D3652BA5F9C4}.Release|x64.Build.0 = Release|x64
		{A6909D97-B927-4E2B-9C9C-D3652BA5F9C4}.Release|x86.ActiveCfg = Release|Win32
		{A6909D97-B927-4E2B-9C9C-D3652BA5F9C4}.Release|x86.Build.0 = Release|Win32
		{CE9A608B-8500-4DD7-9874-86116F03DAC3}.Debug|x64.ActiveCfg = Debug|x64
		{CE9A608B-8500-4DD7-9874-86116F03DAC3}.Debug|x64.Build.0 = Debug|x64
		{CE9A608B-8500-4DD7-9874-86116F03DAC3}.Debug|x86.ActiveCfg = Debug|Win32
		{CE9A608B-8500-4DD7-9874-86116F03DAC3}.Debug|x86.Build.0 = Debug|Win32
		{CE9A608B-8500-4DD7-9874-86116F03DAC3}.Release|x64.ActiveCfg = Release|x64
		{CE9A608B-8500-4DD7-9874-86116F03DAC3}.Release|x64.Build.0 = Release|x64
		{CE9A608B-8500-4DD7-9874-86116F03DAC3}.Release|x86.ActiveCfg = Release|Win32
		{CE9A608B-8500-4DD7-9874-86116F03DAC3}.Release|x86.Build.0 = Release|Win32
		{8AFB75A1-BE2D-4218-9D55-2EF39D7A866E}.Debug|x64.ActiveCfg = Debug|x64
		{8AFB75A1-BE2D-4218-9D55-2EF39D7A866E}.Debug|x64.Build.0 = Debug|x64
		{8AFB75A1-BE2D-4218-9D55-2EF39D7A866E}.Debug|x86.ActiveCfg = Debug|Win32
		{8AFB75A1-BE2D-4218-9D55-2EF39D7A866E}.Debug|x86.Build.0 = Debug|Win32
		{8AFB75A1-BE2D-4218-9D55-2EF39D7A866E}.Release|x64.ActiveCfg = Release|x64
		{8AFB75A1-BE2D-4218-9D55-2EF39D7A866E}.Release|x64.Build.0 = Release|x64
		{8AFB75A1-BE2D-4218-9D55-2EF39D7A866E}.Release|x86.ActiveCfg = Release|Win32
		{8AFB75A1-BE2D-4218-9D55-2EF39D7A866E}.Release|x86.Build.0 = Release|Win32
		{7CAE281E-9795-4E5D-B05D-F8BEFD2F7358}.Debug|x64.ActiveCfg = Debug|x64
		{7CAE281E-9795-4E5D-B05D-F8BEFD2F7358}.Debug|x64.Build.0 = Debug|x64
		{7CAE281E-9795-4E5D-B05D-F8BEFD2F7358}.Debug|x86.ActiveCfg = Debug|Win32
		{7CAE281E-9795-4E5D-B05D-F8BEFD2F7358}.Debug|x86.Build.0 = Debug|Win32
		{7CAE281E-9795-4E5D-B05D-F8BEFD2F7358}.Release|x64.ActiveCfg = Release|x64
		{7CAE281E-9795-4E5D-B05D-F8BEFD2F7358}.Release|x64.Build.0 = Release|x64
		{7CAE281E-9795-4E5D-B05D-F8BEFD2F7358}.Release|x86.ActiveCfg = Release|Win32
		{7CAE281E-9795-4E5D-B05D-F8BEFD2F7358}.Release|x86.Build.0 = Release|Win32
		{EC500E08-E76F-4E9A-8D1A-1CF9852343C0}.Debug|x64.ActiveCfg = Debug|x64
		{EC500E08-E76F-4E9A-8D1A-1CF9852343C0}.Debug|x64.Build.0 = Debug|x64
		{EC500E08-E76F-4E9A-8D1A-1CF9852343C0}.Debug|x86.ActiveCfg = Debug|Win32
		{EC500E08-E76F-4E9A-8D1A-1CF9852343C0}.Debug|x86.Build.0 = Debug|Win32
		{EC500E08-E76F-4E9A-8D1A-1CF9852343C0}.Release|x64.ActiveCfg = Release|x64
		{EC500E08-E76F-4E9A-8D1A-1CF9852343C0}.Release|x64.Build.0 = Release|x64
		{EC500E08-E76F-4E9A-8D1A-1CF9852343C0}.Release|x86.ActiveCfg = Release|Win32
		{EC500E08-E76F-4E9A-8D1A-1CF9852343C0}.Release|x86.Build.0 = Release|Win32
	EndGlobalSection
	GlobalSection(SolutionProperties) = preSolution
		HideSolutionNode = FALSE
	EndGlobalSection
	GlobalSection(ExtensibilityGlobals) = postSolution
		SolutionGuid = {6712EFFA-5211-47AC-861E-782C41A6935C}
	EndGlobalSection
EndGlobal
